{
  "name": "HookTemplate",
  "lockfileVersion": 2,
  "requires": true,
  "packages": {
    "": {
      "dependencies": {
        "@types/frida-gum": "^18.1.0"
      }
    },
    "node_modules/@types/frida-gum": {
      "version": "18.1.0",
      "resolved": "https://registry.npmjs.org/@types/frida-gum/-/frida-gum-18.1.0.tgz",
      "integrity": "sha512-risS3aEaGZHZLJaRcRAQVJNhPn77BpcUjdJXGkR24Ra/4gCYECLo6avUAzhWKn0qti/WD1V7RM1Oik+YxD5uWg=="
    }
  },
  "dependencies": {
    "@types/frida-gum": {
      "version": "18.1.0",
      "resolved": "https://registry.npmjs.org/@types/frida-gum/-/frida-gum-18.1.0.tgz",
      "integrity": "sha512-risS3aEaGZHZLJaRcRAQVJNhPn77BpcUjdJXGkR24Ra/4gCYECLo6avUAzhWKn0qti/WD1V7RM1Oik+YxD5uWg=="
    }
  }
}
